
Microsoft Visual Studio Solution File, Format Version 12.00
# Visual Studio 15
VisualStudioVersion = 15.0.27004.2006
MinimumVisualStudioVersion = 10.0.40219.1
Project("{8BC9CEB8-8B4A-11D0-8D11-00A0C91BC942}") = "PostfixEvaluation", "PostfixEvaluation\PostfixEvaluation.vcxproj", "{25B01B7A-F5BB-4FCA-B84F-8F4CB5279A33}"
EndProject
Global
	GlobalSection(SolutionConfigurationPlatforms) = preSolution
		Debug|x64 = Debug|x64
		Debug|x86 = Debug|x86
		Release|x64 = Release|x64
		Release|x86 = Release|x86
	EndGlobalSection
	GlobalSection(ProjectConfigurationPlatforms) = postSolution
		{25B01B7A-F5BB-4FCA-B84F-8F4CB5279A33}.Debug|x64.ActiveCfg = Debug|x64
		{25B01B7A-F5BB-4FCA-B84F-8F4CB5279A33}.Debug|x64.Build.0 = Debug|x64
		{25B01B7A-F5BB-4FCA-B84F-8F4CB5279A33}.Debug|x86.ActiveCfg = Debug|Win32
		{25B01B7A-F5BB-4FCA-B84F-8F4CB5279A33}.Debug|x86.Build.0 = Debug|Win32
		{25B01B7A-F5BB-4FCA-B84F-8F4CB5279A33}.Release|x64.ActiveCfg = Release|x64
		{25B01B7A-F5BB-4FCA-B84F-8F4CB5279A33}.Release|x64.Build.0 = Release|x64
		{25B01B7A-F5BB-4FCA-B84F-8F4CB5279A33}.Release|x86.ActiveCfg = Release|Win32
		{25B01B7A-F5BB-4FCA-B84F-8F4CB5279A33}.Release|x86.Build.0 = Release|Win32
	EndGlobalSection
	GlobalSection(SolutionProperties) = preSolution
		HideSolutionNode = FALSE
	EndGlobalSection
	GlobalSection(ExtensibilityGlobals) = postSolution
		SolutionGuid = {FC87619C-E5EE-4C79-939F-7EDA35B674F3}
	EndGlobalSection
EndGlobal
